
Microsoft Visual Studio Solution File, Format Version 12.00
# Visual Studio 2012
Project("{8BC9CEB8-8B4A-11D0-8D11-00A0C91BC942}") = "duktape-dist", "duktape-1.4.0\duktape.vcxproj", "{FFDB79E5-4146-44EB-9A87-D04F188BB5CB}"
EndProject
Project("{8BC9CEB8-8B4A-11D0-8D11-00A0C91BC942}") = "duk_enclave", "duk_enclave\duk_enclave.vcxproj", "{BE790790-9991-4CCF-9C03-BFC61284E21C}"
EndProject
Project("{8BC9CEB8-8B4A-11D0-8D11-00A0C91BC942}") = "sample-client", "sample-client\sample-client.vcxproj", "{5C6C9EC0-E8F4-47DB-B716-892EBA55B6C5}"
EndProject
Project("{8BC9CEB8-8B4A-11D0-8D11-00A0C91BC942}") = "node-secureworker-internal", "node-secureworker-internal\build\node-secureworker-internal.vcxproj", "{8BBA1136-A590-77AD-0D21-08F025628ADC}"
EndProject
Project("{8BC9CEB8-8B4A-11D0-8D11-00A0C91BC942}") = "duktape-untrusted-benchmark", "duktape-untrusted-benchmark\duktape-untrusted-benchmark.vcxproj", "{EDF57321-8C51-4F46-9F66-616F09921BB1}"
EndProject
Project("{2150E333-8FDC-42A3-9474-1A3956D46DE8}") = "Solution Items", "Solution Items", "{95C00217-4DC3-4A7F-8BF3-F01077603E92}"
	ProjectSection(SolutionItems) = preProject
		dist-files\build_enclave.bat = dist-files\build_enclave.bat
		copy_dist.bat = copy_dist.bat
		run.js = run.js
	EndProjectSection
EndProject
Project("{8BC9CEB8-8B4A-11D0-8D11-00A0C91BC942}") = "scripts", "scripts\scripts.vcxproj", "{7BED0289-2572-4721-B20C-3D9401617BCA}"
EndProject
Global
	GlobalSection(SolutionConfigurationPlatforms) = preSolution
		Debug|Win32 = Debug|Win32
		Prerelease|Win32 = Prerelease|Win32
		Release|Win32 = Release|Win32
		Simulation|Win32 = Simulation|Win32
	EndGlobalSection
	GlobalSection(ProjectConfigurationPlatforms) = postSolution
		{FFDB79E5-4146-44EB-9A87-D04F188BB5CB}.Debug|Win32.ActiveCfg = Debug|Win32
		{FFDB79E5-4146-44EB-9A87-D04F188BB5CB}.Debug|Win32.Build.0 = Debug|Win32
		{FFDB79E5-4146-44EB-9A87-D04F188BB5CB}.Prerelease|Win32.ActiveCfg = Release|Win32
		{FFDB79E5-4146-44EB-9A87-D04F188BB5CB}.Prerelease|Win32.Build.0 = Release|Win32
		{FFDB79E5-4146-44EB-9A87-D04F188BB5CB}.Release|Win32.ActiveCfg = Release|Win32
		{FFDB79E5-4146-44EB-9A87-D04F188BB5CB}.Release|Win32.Build.0 = Release|Win32
		{FFDB79E5-4146-44EB-9A87-D04F188BB5CB}.Simulation|Win32.ActiveCfg = Debug|Win32
		{FFDB79E5-4146-44EB-9A87-D04F188BB5CB}.Simulation|Win32.Build.0 = Debug|Win32
		{BE790790-9991-4CCF-9C03-BFC61284E21C}.Debug|Win32.ActiveCfg = Debug|Win32
		{BE790790-9991-4CCF-9C03-BFC61284E21C}.Debug|Win32.Build.0 = Debug|Win32
		{BE790790-9991-4CCF-9C03-BFC61284E21C}.Prerelease|Win32.ActiveCfg = Prerelease|Win32
		{BE790790-9991-4CCF-9C03-BFC61284E21C}.Prerelease|Win32.Build.0 = Prerelease|Win32
		{BE790790-9991-4CCF-9C03-BFC61284E21C}.Release|Win32.ActiveCfg = Release|Win32
		{BE790790-9991-4CCF-9C03-BFC61284E21C}.Release|Win32.Build.0 = Release|Win32
		{BE790790-9991-4CCF-9C03-BFC61284E21C}.Simulation|Win32.ActiveCfg = Simulation|Win32
		{BE790790-9991-4CCF-9C03-BFC61284E21C}.Simulation|Win32.Build.0 = Simulation|Win32
		{5C6C9EC0-E8F4-47DB-B716-892EBA55B6C5}.Debug|Win32.ActiveCfg = Debug|Win32
		{5C6C9EC0-E8F4-47DB-B716-892EBA55B6C5}.Debug|Win32.Build.0 = Debug|Win32
		{5C6C9EC0-E8F4-47DB-B716-892EBA55B6C5}.Prerelease|Win32.ActiveCfg = Prerelease|Win32
		{5C6C9EC0-E8F4-47DB-B716-892EBA55B6C5}.Prerelease|Win32.Build.0 = Prerelease|Win32
		{5C6C9EC0-E8F4-47DB-B716-892EBA55B6C5}.Release|Win32.ActiveCfg = Release|Win32
		{5C6C9EC0-E8F4-47DB-B716-892EBA55B6C5}.Release|Win32.Build.0 = Release|Win32
		{5C6C9EC0-E8F4-47DB-B716-892EBA55B6C5}.Simulation|Win32.ActiveCfg = Simulation|Win32
		{5C6C9EC0-E8F4-47DB-B716-892EBA55B6C5}.Simulation|Win32.Build.0 = Simulation|Win32
		{8BBA1136-A590-77AD-0D21-08F025628ADC}.Debug|Win32.ActiveCfg = Debug|Win32
		{8BBA1136-A590-77AD-0D21-08F025628ADC}.Debug|Win32.Build.0 = Debug|Win32
		{8BBA1136-A590-77AD-0D21-08F025628ADC}.Prerelease|Win32.ActiveCfg = Prerelease|Win32
		{8BBA1136-A590-77AD-0D21-08F025628ADC}.Prerelease|Win32.Build.0 = Prerelease|Win32
		{8BBA1136-A590-77AD-0D21-08F025628ADC}.Release|Win32.ActiveCfg = Release|Win32
		{8BBA1136-A590-77AD-0D21-08F025628ADC}.Release|Win32.Build.0 = Release|Win32
		{8BBA1136-A590-77AD-0D21-08F025628ADC}.Simulation|Win32.ActiveCfg = Simulation|Win32
		{8BBA1136-A590-77AD-0D21-08F025628ADC}.Simulation|Win32.Build.0 = Simulation|Win32
		{EDF57321-8C51-4F46-9F66-616F09921BB1}.Debug|Win32.ActiveCfg = Debug|Win32
		{EDF57321-8C51-4F46-9F66-616F09921BB1}.Debug|Win32.Build.0 = Debug|Win32
		{EDF57321-8C51-4F46-9F66-616F09921BB1}.Prerelease|Win32.ActiveCfg = Release|Win32
		{EDF57321-8C51-4F46-9F66-616F09921BB1}.Prerelease|Win32.Build.0 = Release|Win32
		{EDF57321-8C51-4F46-9F66-616F09921BB1}.Release|Win32.ActiveCfg = Release|Win32
		{EDF57321-8C51-4F46-9F66-616F09921BB1}.Release|Win32.Build.0 = Release|Win32
		{EDF57321-8C51-4F46-9F66-616F09921BB1}.Simulation|Win32.ActiveCfg = Debug|Win32
		{EDF57321-8C51-4F46-9F66-616F09921BB1}.Simulation|Win32.Build.0 = Debug|Win32
		{7BED0289-2572-4721-B20C-3D9401617BCA}.Debug|Win32.ActiveCfg = Debug|Win32
		{7BED0289-2572-4721-B20C-3D9401617BCA}.Debug|Win32.Build.0 = Debug|Win32
		{7BED0289-2572-4721-B20C-3D9401617BCA}.Prerelease|Win32.ActiveCfg = Release|Win32
		{7BED0289-2572-4721-B20C-3D9401617BCA}.Prerelease|Win32.Build.0 = Release|Win32
		{7BED0289-2572-4721-B20C-3D9401617BCA}.Release|Win32.ActiveCfg = Release|Win32
		{7BED0289-2572-4721-B20C-3D9401617BCA}.Release|Win32.Build.0 = Release|Win32
		{7BED0289-2572-4721-B20C-3D9401617BCA}.Simulation|Win32.ActiveCfg = Debug|Win32
		{7BED0289-2572-4721-B20C-3D9401617BCA}.Simulation|Win32.Build.0 = Debug|Win32
	EndGlobalSection
	GlobalSection(SolutionProperties) = preSolution
		HideSolutionNode = FALSE
	EndGlobalSection
EndGlobal
